// !$*UTF8*$!
{
	archiveVersion = 1;
	classes = {
	};
	objectVersion = 55;
	objects = {

/* Begin PBXBuildFile section */
		5F1969D7D790140C710C6DEC /* Pods_SURU_Leo.framework in Frameworks */ = {isa = PBXBuildFile; fileRef = 8B11AB716BC413A0D40B7630 /* Pods_SURU_Leo.framework */; };
		B80096002817FEC800BB05AE /* SignInAndOutViewController.swift in Sources */ = {isa = PBXBuildFile; fileRef = B80095FF2817FEC800BB05AE /* SignInAndOutViewController.swift */; };
		B814DF312810741900176C13 /* ref.swift in Sources */ = {isa = PBXBuildFile; fileRef = B814DF302810741900176C13 /* ref.swift */; };
		B814DF3328108E4E00176C13 /* CommentDraggingView.swift in Sources */ = {isa = PBXBuildFile; fileRef = B814DF3228108E4E00176C13 /* CommentDraggingView.swift */; };
		B814DF38281175FE00176C13 /* StoreCardView.xib in Resources */ = {isa = PBXBuildFile; fileRef = B814DF37281175FE00176C13 /* StoreCardView.xib */; };
		B830608828015A9D002558BE /* AppDelegate.swift in Sources */ = {isa = PBXBuildFile; fileRef = B830608728015A9D002558BE /* AppDelegate.swift */; };
		B830608A28015A9D002558BE /* SceneDelegate.swift in Sources */ = {isa = PBXBuildFile; fileRef = B830608928015A9D002558BE /* SceneDelegate.swift */; };
		B830608C28015A9D002558BE /* OLDCommentView.swift in Sources */ = {isa = PBXBuildFile; fileRef = B830608B28015A9D002558BE /* OLDCommentView.swift */; };
		B830608F28015A9D002558BE /* Main.storyboard in Resources */ = {isa = PBXBuildFile; fileRef = B830608D28015A9D002558BE /* Main.storyboard */; };
		B830609128015A9E002558BE /* Assets.xcassets in Resources */ = {isa = PBXBuildFile; fileRef = B830609028015A9E002558BE /* Assets.xcassets */; };
		B830609428015A9E002558BE /* LaunchScreen.storyboard in Resources */ = {isa = PBXBuildFile; fileRef = B830609228015A9E002558BE /* LaunchScreen.storyboard */; };
		B83E4536280E896A00B13B0C /* StorageManager.swift in Sources */ = {isa = PBXBuildFile; fileRef = B83E4535280E896A00B13B0C /* StorageManager.swift */; };
		B83E4539280E8B7200B13B0C /* SURU.xcdatamodeld in Sources */ = {isa = PBXBuildFile; fileRef = B83E4537280E8B7200B13B0C /* SURU.xcdatamodeld */; };
		B83E9584280EA071009DD17F /* Double+.swift in Sources */ = {isa = PBXBuildFile; fileRef = B83E9583280EA071009DD17F /* Double+.swift */; };
		B83E9586280EACF7009DD17F /* StoreRequestProvider.swift in Sources */ = {isa = PBXBuildFile; fileRef = B83E9585280EACF7009DD17F /* StoreRequestProvider.swift */; };
		B83E958A280EAD12009DD17F /* AccountRequestProvider.swift in Sources */ = {isa = PBXBuildFile; fileRef = B83E9589280EAD12009DD17F /* AccountRequestProvider.swift */; };
		B83E958D280EAD24009DD17F /* CommentRequestProvider.swift in Sources */ = {isa = PBXBuildFile; fileRef = B83E958C280EAD24009DD17F /* CommentRequestProvider.swift */; };
		B83E9590280EB475009DD17F /* QueueReportRequestProvider.swift in Sources */ = {isa = PBXBuildFile; fileRef = B83E958F280EB475009DD17F /* QueueReportRequestProvider.swift */; };
		B83E9594280EB653009DD17F /* CommentDataModel.swift in Sources */ = {isa = PBXBuildFile; fileRef = B83E9593280EB653009DD17F /* CommentDataModel.swift */; };
		B83E9596280EB666009DD17F /* AccountDataModel.swift in Sources */ = {isa = PBXBuildFile; fileRef = B83E9595280EB666009DD17F /* AccountDataModel.swift */; };
		B83E9598280EB670009DD17F /* StoreDataModel.swift in Sources */ = {isa = PBXBuildFile; fileRef = B83E9597280EB670009DD17F /* StoreDataModel.swift */; };
		B83E959A280EB6C9009DD17F /* QueueReportDataModel.swift in Sources */ = {isa = PBXBuildFile; fileRef = B83E9599280EB6C9009DD17F /* QueueReportDataModel.swift */; };
		B83E959C280EC59D009DD17F /* UIImageView+.swift in Sources */ = {isa = PBXBuildFile; fileRef = B83E959B280EC59D009DD17F /* UIImageView+.swift */; };
		B85B63C5280D2CDD00621E4A /* blue.json in Resources */ = {isa = PBXBuildFile; fileRef = B85B63C2280D2CDD00621E4A /* blue.json */; };
		B85B63C6280D2CDD00621E4A /* orange.json in Resources */ = {isa = PBXBuildFile; fileRef = B85B63C3280D2CDD00621E4A /* orange.json */; };
		B85B63C7280D2CDD00621E4A /* yellow.json in Resources */ = {isa = PBXBuildFile; fileRef = B85B63C4280D2CDD00621E4A /* yellow.json */; };
		B8659C3D28068850006C85F3 /* multipleSimulatorsStartup.sh in Resources */ = {isa = PBXBuildFile; fileRef = B8659C3B28068850006C85F3 /* multipleSimulatorsStartup.sh */; };
		B8659C3E28068850006C85F3 /* multipleSimulators.config in Resources */ = {isa = PBXBuildFile; fileRef = B8659C3C28068850006C85F3 /* multipleSimulators.config */; };
		B8659C402806AB45006C85F3 /* FirebaseRequestProvider.swift in Sources */ = {isa = PBXBuildFile; fileRef = B8659C3F2806AB45006C85F3 /* FirebaseRequestProvider.swift */; };
		B8659C422806ABA3006C85F3 /* SURUDataModel.swift in Sources */ = {isa = PBXBuildFile; fileRef = B8659C412806ABA3006C85F3 /* SURUDataModel.swift */; };
		B8659C442806BB5B006C85F3 /* Date+.swift in Sources */ = {isa = PBXBuildFile; fileRef = B8659C432806BB5B006C85F3 /* Date+.swift */; };
		B8659C462806C534006C85F3 /* TestingCenterViewController.swift in Sources */ = {isa = PBXBuildFile; fileRef = B8659C452806C534006C85F3 /* TestingCenterViewController.swift */; };
		B86AB7E628203B0300154B26 /* WrireCommentViewController.swift in Sources */ = {isa = PBXBuildFile; fileRef = B86AB7E528203B0300154B26 /* WrireCommentViewController.swift */; };
		B86AB7E828203CFA00154B26 /* WriteCommentView.swift in Sources */ = {isa = PBXBuildFile; fileRef = B86AB7E728203CFA00154B26 /* WriteCommentView.swift */; };
		B86AB7EA28203D0700154B26 /* WriteCommentView.xib in Resources */ = {isa = PBXBuildFile; fileRef = B86AB7E928203D0700154B26 /* WriteCommentView.xib */; };
		B87AF25728128CD10058197F /* StoreCardView.swift in Sources */ = {isa = PBXBuildFile; fileRef = B87AF25628128CD10058197F /* StoreCardView.swift */; };
		B87BF624280C61E100FE885C /* CommentViewController.swift in Sources */ = {isa = PBXBuildFile; fileRef = B87BF623280C61E100FE885C /* CommentViewController.swift */; };
		B87BF626280C832300FE885C /* CommentImageCardViewDelegate.swift in Sources */ = {isa = PBXBuildFile; fileRef = B87BF625280C832300FE885C /* CommentImageCardViewDelegate.swift */; };
		B87BF628280CA5A500FE885C /* CommentStartingView.swift in Sources */ = {isa = PBXBuildFile; fileRef = B87BF627280CA5A500FE885C /* CommentStartingView.swift */; };
		B893379228190F08000C75C3 /* ProfileView.xib in Resources */ = {isa = PBXBuildFile; fileRef = B893379128190F08000C75C3 /* ProfileView.xib */; };
		B89337942819120D000C75C3 /* ProfileView.swift in Sources */ = {isa = PBXBuildFile; fileRef = B89337932819120D000C75C3 /* ProfileView.swift */; };
		B893379628191EE0000C75C3 /* AuthorizationAppleIDButton.swift in Sources */ = {isa = PBXBuildFile; fileRef = B893379528191EE0000C75C3 /* AuthorizationAppleIDButton.swift */; };
		B893379828197F13000C75C3 /* AddInfoViewController.swift in Sources */ = {isa = PBXBuildFile; fileRef = B893379728197F13000C75C3 /* AddInfoViewController.swift */; };
		B893379A28197F24000C75C3 /* AddInfoView.xib in Resources */ = {isa = PBXBuildFile; fileRef = B893379928197F24000C75C3 /* AddInfoView.xib */; };
		B893379C281983BF000C75C3 /* AddInfoView.swift in Sources */ = {isa = PBXBuildFile; fileRef = B893379B281983BF000C75C3 /* AddInfoView.swift */; };
		B893379F281A1D9A000C75C3 /* JGProgressHUD+.swift in Sources */ = {isa = PBXBuildFile; fileRef = B893379E281A1D9A000C75C3 /* JGProgressHUD+.swift */; };
		B89337A1281A1DA8000C75C3 /* KingFisher+.swift in Sources */ = {isa = PBXBuildFile; fileRef = B89337A0281A1DA8000C75C3 /* KingFisher+.swift */; };
		B899FF23280CF68000BD5715 /* SampleCommentCellTableViewCell.swift in Sources */ = {isa = PBXBuildFile; fileRef = B899FF22280CF68000BD5715 /* SampleCommentCellTableViewCell.swift */; };
		B899FF27280D237200BD5715 /* GoogleService-Info.plist in Resources */ = {isa = PBXBuildFile; fileRef = B899FF26280D237200BD5715 /* GoogleService-Info.plist */; };
		B8A0033C280A92BC00A64750 /* WaterfaillsViewController.swift in Sources */ = {isa = PBXBuildFile; fileRef = B8A0033B280A92BC00A64750 /* WaterfaillsViewController.swift */; };
		B8A0033E280A92D300A64750 /* MappingViewController.swift in Sources */ = {isa = PBXBuildFile; fileRef = B8A0033D280A92D300A64750 /* MappingViewController.swift */; };
		B8A00340280A92DC00A64750 /* ReportViewController.swift in Sources */ = {isa = PBXBuildFile; fileRef = B8A0033F280A92DC00A64750 /* ReportViewController.swift */; };
		B8A00342280A931800A64750 /* ProfileViewController.swift in Sources */ = {isa = PBXBuildFile; fileRef = B8A00341280A931800A64750 /* ProfileViewController.swift */; };
		B8A00344280A964B00A64750 /* SURUTabBarController.swift in Sources */ = {isa = PBXBuildFile; fileRef = B8A00343280A964B00A64750 /* SURUTabBarController.swift */; };
		B8A00346280A97A100A64750 /* UIStoryboard+.swift in Sources */ = {isa = PBXBuildFile; fileRef = B8A00345280A97A100A64750 /* UIStoryboard+.swift */; };
		B8A0034A280A9E1100A64750 /* UIImage+.swift in Sources */ = {isa = PBXBuildFile; fileRef = B8A00349280A9E1100A64750 /* UIImage+.swift */; };
		B8A00352280B064200A64750 /* MapView.swift in Sources */ = {isa = PBXBuildFile; fileRef = B8A00351280B064200A64750 /* MapView.swift */; };
		B8A11AF02813E4100079A080 /* StoreCardCell.xib in Resources */ = {isa = PBXBuildFile; fileRef = B8A11AEF2813E4100079A080 /* StoreCardCell.xib */; };
		B8A11AF22813E52D0079A080 /* StoreCardCell.swift in Sources */ = {isa = PBXBuildFile; fileRef = B8A11AF12813E52D0079A080 /* StoreCardCell.swift */; };
		B8A4FFC9282134BC0023F0BA /* mappingViewBackup.swift in Sources */ = {isa = PBXBuildFile; fileRef = B8A4FFC8282134BC0023F0BA /* mappingViewBackup.swift */; };
		B8A4FFCC28224EA20023F0BA /* ReportView.xib in Resources */ = {isa = PBXBuildFile; fileRef = B8A4FFCB28224EA20023F0BA /* ReportView.xib */; };
		B8A4FFCE282252B30023F0BA /* ReportView.swift in Sources */ = {isa = PBXBuildFile; fileRef = B8A4FFCD282252B30023F0BA /* ReportView.swift */; };
		B8BBBE79281D2DD2001782F5 /* CommentWallViewController.swift in Sources */ = {isa = PBXBuildFile; fileRef = B8BBBE78281D2DD2001782F5 /* CommentWallViewController.swift */; };
		B8BBBE7C281D328B001782F5 /* DiscoveryViewController.swift in Sources */ = {isa = PBXBuildFile; fileRef = B8BBBE7B281D328B001782F5 /* DiscoveryViewController.swift */; };
		B8BBBE7E281D32AE001782F5 /* CollectViewController.swift in Sources */ = {isa = PBXBuildFile; fileRef = B8BBBE7D281D32AE001782F5 /* CollectViewController.swift */; };
		B8BBBE80281D32C7001782F5 /* FollowViewController.swift in Sources */ = {isa = PBXBuildFile; fileRef = B8BBBE7F281D32C7001782F5 /* FollowViewController.swift */; };
		B8BBBE84281E9AC6001782F5 /* DiscoveryCell.xib in Resources */ = {isa = PBXBuildFile; fileRef = B8BBBE83281E9AC6001782F5 /* DiscoveryCell.xib */; };
		B8BBBE86281EBE54001782F5 /* DiscoveryCell.swift in Sources */ = {isa = PBXBuildFile; fileRef = B8BBBE85281EBE54001782F5 /* DiscoveryCell.swift */; };
		B8BD5F97282072DF00A1C138 /* DetailViewController.swift in Sources */ = {isa = PBXBuildFile; fileRef = B8BD5F96282072DF00A1C138 /* DetailViewController.swift */; };
		B8BD5F9A282078B500A1C138 /* DetailView.xib in Resources */ = {isa = PBXBuildFile; fileRef = B8BD5F99282078B500A1C138 /* DetailView.xib */; };
		B8BD5F9C28207E9900A1C138 /* CommentCell.xib in Resources */ = {isa = PBXBuildFile; fileRef = B8BD5F9B28207E9900A1C138 /* CommentCell.xib */; };
		B8BD5F9E28207F4B00A1C138 /* CommentStoreCell.xib in Resources */ = {isa = PBXBuildFile; fileRef = B8BD5F9D28207F4B00A1C138 /* CommentStoreCell.xib */; };
		B8BD5FA02820818E00A1C138 /* CommentStoreCell.swift in Sources */ = {isa = PBXBuildFile; fileRef = B8BD5F9F2820818E00A1C138 /* CommentStoreCell.swift */; };
		B8BD5FA22820819D00A1C138 /* CommentCell.swift in Sources */ = {isa = PBXBuildFile; fileRef = B8BD5FA12820819D00A1C138 /* CommentCell.swift */; };
		B8CD2D7728205EA800D047B9 /* String+.swift in Sources */ = {isa = PBXBuildFile; fileRef = B8CD2D7628205EA800D047B9 /* String+.swift */; };
		B8CD437F2818EC2800D2BCCE /* WelcomeView.swift in Sources */ = {isa = PBXBuildFile; fileRef = B8CD437E2818EC2800D2BCCE /* WelcomeView.swift */; };
		B8CD43812818EF0600D2BCCE /* WelcomeViewController.swift in Sources */ = {isa = PBXBuildFile; fileRef = B8CD43802818EF0600D2BCCE /* WelcomeViewController.swift */; };
		B8CD43832818F0E900D2BCCE /* WelcomeView.xib in Resources */ = {isa = PBXBuildFile; fileRef = B8CD43822818F0E900D2BCCE /* WelcomeView.xib */; };
		B8CD43852818F13100D2BCCE /* SignInAndOutView.swift in Sources */ = {isa = PBXBuildFile; fileRef = B8CD43842818F13100D2BCCE /* SignInAndOutView.swift */; };
		B8CD43872818F17400D2BCCE /* SignInAndOutView.xib in Resources */ = {isa = PBXBuildFile; fileRef = B8CD43862818F17400D2BCCE /* SignInAndOutView.xib */; };
		B8EC6FFB28051C7D00DA8B78 /* DragingValueViewController.swift in Sources */ = {isa = PBXBuildFile; fileRef = B8EC6FFA28051C7D00DA8B78 /* DragingValueViewController.swift */; };
		B8EC70012805275300DA8B78 /* UIView+.swift in Sources */ = {isa = PBXBuildFile; fileRef = B8EC70002805275300DA8B78 /* UIView+.swift */; };
		B8EC700A28052D4300DA8B78 /* UIViewController+.swift in Sources */ = {isa = PBXBuildFile; fileRef = B8EC700928052D4300DA8B78 /* UIViewController+.swift */; };
		B8EC700C2805432500DA8B78 /* liquidBarViewController.swift in Sources */ = {isa = PBXBuildFile; fileRef = B8EC700B2805432500DA8B78 /* liquidBarViewController.swift */; };
		B8EC700E2805468400DA8B78 /* UIColor+.swift in Sources */ = {isa = PBXBuildFile; fileRef = B8EC700D2805468400DA8B78 /* UIColor+.swift */; };
		B8EC7010280546A800DA8B78 /* UISreen+.swift in Sources */ = {isa = PBXBuildFile; fileRef = B8EC700F280546A800DA8B78 /* UISreen+.swift */; };
		B8EC7012280546D900DA8B78 /* UITableView+.swift in Sources */ = {isa = PBXBuildFile; fileRef = B8EC7011280546D900DA8B78 /* UITableView+.swift */; };
		B8EC70142805471900DA8B78 /* UILabel+.swift in Sources */ = {isa = PBXBuildFile; fileRef = B8EC70132805471900DA8B78 /* UILabel+.swift */; };
		B8EC70162805B0FD00DA8B78 /* UIFont+.swift in Sources */ = {isa = PBXBuildFile; fileRef = B8EC70152805B0FD00DA8B78 /* UIFont+.swift */; };
		B8F22DEB280CBF3F0096FB91 /* CommentSelectionView.swift in Sources */ = {isa = PBXBuildFile; fileRef = B8F22DEA280CBF3F0096FB91 /* CommentSelectionView.swift */; };
		B8F22DED280CE2500096FB91 /* FirebaseStorageRequestProvider.swift in Sources */ = {isa = PBXBuildFile; fileRef = B8F22DEC280CE2500096FB91 /* FirebaseStorageRequestProvider.swift */; };
		B8F3517828159A55002E2A3C /* StoreFromJson.swift in Sources */ = {isa = PBXBuildFile; fileRef = B8F3517728159A55002E2A3C /* StoreFromJson.swift */; };
		B8F3517E2815E8EE002E2A3C /* CommentTableViewCell.swift in Sources */ = {isa = PBXBuildFile; fileRef = B8F3517D2815E8EE002E2A3C /* CommentTableViewCell.swift */; };
		B8F351802815F225002E2A3C /* CommentTableViewCell.xib in Resources */ = {isa = PBXBuildFile; fileRef = B8F3517F2815F225002E2A3C /* CommentTableViewCell.xib */; };
		B8F35184281794D9002E2A3C /* UserRequestProvider.swift in Sources */ = {isa = PBXBuildFile; fileRef = B8F35183281794D9002E2A3C /* UserRequestProvider.swift */; };
/* End PBXBuildFile section */

/* Begin PBXFileReference section */
		78C47A99BAC6766DE55A8ACD /* Pods-SURU_Leo.release.xcconfig */ = {isa = PBXFileReference; includeInIndex = 1; lastKnownFileType = text.xcconfig; name = "Pods-SURU_Leo.release.xcconfig"; path = "Target Support Files/Pods-SURU_Leo/Pods-SURU_Leo.release.xcconfig"; sourceTree = "<group>"; };
		8B11AB716BC413A0D40B7630 /* Pods_SURU_Leo.framework */ = {isa = PBXFileReference; explicitFileType = wrapper.framework; includeInIndex = 0; path = Pods_SURU_Leo.framework; sourceTree = BUILT_PRODUCTS_DIR; };
		B80095FF2817FEC800BB05AE /* SignInAndOutViewController.swift */ = {isa = PBXFileReference; lastKnownFileType = sourcecode.swift; path = SignInAndOutViewController.swift; sourceTree = "<group>"; };
		B814DF302810741900176C13 /* ref.swift */ = {isa = PBXFileReference; lastKnownFileType = sourcecode.swift; path = ref.swift; sourceTree = "<group>"; };
		B814DF3228108E4E00176C13 /* CommentDraggingView.swift */ = {isa = PBXFileReference; lastKnownFileType = sourcecode.swift; path = CommentDraggingView.swift; sourceTree = "<group>"; };
		B814DF362811271400176C13 /* MapkitTest.playground */ = {isa = PBXFileReference; lastKnownFileType = file.playground; path = MapkitTest.playground; sourceTree = "<group>"; xcLanguageSpecificationIdentifier = xcode.lang.swift; };
		B814DF37281175FE00176C13 /* StoreCardView.xib */ = {isa = PBXFileReference; lastKnownFileType = file.xib; path = StoreCardView.xib; sourceTree = "<group>"; };
		B830608428015A9D002558BE /* SURU_Leo.app */ = {isa = PBXFileReference; explicitFileType = wrapper.application; includeInIndex = 0; path = SURU_Leo.app; sourceTree = BUILT_PRODUCTS_DIR; };
		B830608728015A9D002558BE /* AppDelegate.swift */ = {isa = PBXFileReference; lastKnownFileType = sourcecode.swift; path = AppDelegate.swift; sourceTree = "<group>"; };
		B830608928015A9D002558BE /* SceneDelegate.swift */ = {isa = PBXFileReference; lastKnownFileType = sourcecode.swift; path = SceneDelegate.swift; sourceTree = "<group>"; };
		B830608B28015A9D002558BE /* OLDCommentView.swift */ = {isa = PBXFileReference; lastKnownFileType = sourcecode.swift; path = OLDCommentView.swift; sourceTree = "<group>"; };
		B830608E28015A9D002558BE /* Base */ = {isa = PBXFileReference; lastKnownFileType = file.storyboard; name = Base; path = Base.lproj/Main.storyboard; sourceTree = "<group>"; };
		B830609028015A9E002558BE /* Assets.xcassets */ = {isa = PBXFileReference; lastKnownFileType = folder.assetcatalog; path = Assets.xcassets; sourceTree = "<group>"; };
		B830609328015A9E002558BE /* Base */ = {isa = PBXFileReference; lastKnownFileType = file.storyboard; name = Base; path = Base.lproj/LaunchScreen.storyboard; sourceTree = "<group>"; };
		B830609528015A9E002558BE /* Info.plist */ = {isa = PBXFileReference; lastKnownFileType = text.plist.xml; path = Info.plist; sourceTree = "<group>"; };
		B83E4535280E896A00B13B0C /* StorageManager.swift */ = {isa = PBXFileReference; lastKnownFileType = sourcecode.swift; path = StorageManager.swift; sourceTree = "<group>"; };
		B83E4538280E8B7200B13B0C /* SURU.xcdatamodel */ = {isa = PBXFileReference; lastKnownFileType = wrapper.xcdatamodel; path = SURU.xcdatamodel; sourceTree = "<group>"; };
		B83E9583280EA071009DD17F /* Double+.swift */ = {isa = PBXFileReference; lastKnownFileType = sourcecode.swift; path = "Double+.swift"; sourceTree = "<group>"; };
		B83E9585280EACF7009DD17F /* StoreRequestProvider.swift */ = {isa = PBXFileReference; lastKnownFileType = sourcecode.swift; path = StoreRequestProvider.swift; sourceTree = "<group>"; };
		B83E9589280EAD12009DD17F /* AccountRequestProvider.swift */ = {isa = PBXFileReference; lastKnownFileType = sourcecode.swift; path = AccountRequestProvider.swift; sourceTree = "<group>"; };
		B83E958C280EAD24009DD17F /* CommentRequestProvider.swift */ = {isa = PBXFileReference; lastKnownFileType = sourcecode.swift; path = CommentRequestProvider.swift; sourceTree = "<group>"; };
		B83E958F280EB475009DD17F /* QueueReportRequestProvider.swift */ = {isa = PBXFileReference; lastKnownFileType = sourcecode.swift; path = QueueReportRequestProvider.swift; sourceTree = "<group>"; };
		B83E9593280EB653009DD17F /* CommentDataModel.swift */ = {isa = PBXFileReference; lastKnownFileType = sourcecode.swift; path = CommentDataModel.swift; sourceTree = "<group>"; };
		B83E9595280EB666009DD17F /* AccountDataModel.swift */ = {isa = PBXFileReference; lastKnownFileType = sourcecode.swift; path = AccountDataModel.swift; sourceTree = "<group>"; };
		B83E9597280EB670009DD17F /* StoreDataModel.swift */ = {isa = PBXFileReference; lastKnownFileType = sourcecode.swift; path = StoreDataModel.swift; sourceTree = "<group>"; };
		B83E9599280EB6C9009DD17F /* QueueReportDataModel.swift */ = {isa = PBXFileReference; lastKnownFileType = sourcecode.swift; path = QueueReportDataModel.swift; sourceTree = "<group>"; };
		B83E959B280EC59D009DD17F /* UIImageView+.swift */ = {isa = PBXFileReference; lastKnownFileType = sourcecode.swift; path = "UIImageView+.swift"; sourceTree = "<group>"; };
		B85B63C2280D2CDD00621E4A /* blue.json */ = {isa = PBXFileReference; fileEncoding = 4; lastKnownFileType = text.json; path = blue.json; sourceTree = "<group>"; };
		B85B63C3280D2CDD00621E4A /* orange.json */ = {isa = PBXFileReference; fileEncoding = 4; lastKnownFileType = text.json; path = orange.json; sourceTree = "<group>"; };
		B85B63C4280D2CDD00621E4A /* yellow.json */ = {isa = PBXFileReference; fileEncoding = 4; lastKnownFileType = text.json; path = yellow.json; sourceTree = "<group>"; };
		B8659C3B28068850006C85F3 /* multipleSimulatorsStartup.sh */ = {isa = PBXFileReference; fileEncoding = 4; lastKnownFileType = text.script.sh; path = multipleSimulatorsStartup.sh; sourceTree = "<group>"; };
		B8659C3C28068850006C85F3 /* multipleSimulators.config */ = {isa = PBXFileReference; fileEncoding = 4; lastKnownFileType = text; path = multipleSimulators.config; sourceTree = "<group>"; };
		B8659C3F2806AB45006C85F3 /* FirebaseRequestProvider.swift */ = {isa = PBXFileReference; lastKnownFileType = sourcecode.swift; path = FirebaseRequestProvider.swift; sourceTree = "<group>"; };
		B8659C412806ABA3006C85F3 /* SURUDataModel.swift */ = {isa = PBXFileReference; lastKnownFileType = sourcecode.swift; path = SURUDataModel.swift; sourceTree = "<group>"; };
		B8659C432806BB5B006C85F3 /* Date+.swift */ = {isa = PBXFileReference; lastKnownFileType = sourcecode.swift; path = "Date+.swift"; sourceTree = "<group>"; };
		B8659C452806C534006C85F3 /* TestingCenterViewController.swift */ = {isa = PBXFileReference; lastKnownFileType = sourcecode.swift; path = TestingCenterViewController.swift; sourceTree = "<group>"; };
		B86AB7E528203B0300154B26 /* WrireCommentViewController.swift */ = {isa = PBXFileReference; lastKnownFileType = sourcecode.swift; path = WrireCommentViewController.swift; sourceTree = "<group>"; };
		B86AB7E728203CFA00154B26 /* WriteCommentView.swift */ = {isa = PBXFileReference; lastKnownFileType = sourcecode.swift; path = WriteCommentView.swift; sourceTree = "<group>"; };
		B86AB7E928203D0700154B26 /* WriteCommentView.xib */ = {isa = PBXFileReference; lastKnownFileType = file.xib; path = WriteCommentView.xib; sourceTree = "<group>"; };
		B87AF25628128CD10058197F /* StoreCardView.swift */ = {isa = PBXFileReference; lastKnownFileType = sourcecode.swift; path = StoreCardView.swift; sourceTree = "<group>"; };
		B87BF623280C61E100FE885C /* CommentViewController.swift */ = {isa = PBXFileReference; lastKnownFileType = sourcecode.swift; path = CommentViewController.swift; sourceTree = "<group>"; };
		B87BF625280C832300FE885C /* CommentImageCardViewDelegate.swift */ = {isa = PBXFileReference; lastKnownFileType = sourcecode.swift; path = CommentImageCardViewDelegate.swift; sourceTree = "<group>"; };
		B87BF627280CA5A500FE885C /* CommentStartingView.swift */ = {isa = PBXFileReference; lastKnownFileType = sourcecode.swift; path = CommentStartingView.swift; sourceTree = "<group>"; };
		B893379128190F08000C75C3 /* ProfileView.xib */ = {isa = PBXFileReference; lastKnownFileType = file.xib; path = ProfileView.xib; sourceTree = "<group>"; };
		B89337932819120D000C75C3 /* ProfileView.swift */ = {isa = PBXFileReference; lastKnownFileType = sourcecode.swift; path = ProfileView.swift; sourceTree = "<group>"; };
		B893379528191EE0000C75C3 /* AuthorizationAppleIDButton.swift */ = {isa = PBXFileReference; lastKnownFileType = sourcecode.swift; path = AuthorizationAppleIDButton.swift; sourceTree = "<group>"; };
		B893379728197F13000C75C3 /* AddInfoViewController.swift */ = {isa = PBXFileReference; lastKnownFileType = sourcecode.swift; path = AddInfoViewController.swift; sourceTree = "<group>"; };
		B893379928197F24000C75C3 /* AddInfoView.xib */ = {isa = PBXFileReference; lastKnownFileType = file.xib; path = AddInfoView.xib; sourceTree = "<group>"; };
		B893379B281983BF000C75C3 /* AddInfoView.swift */ = {isa = PBXFileReference; lastKnownFileType = sourcecode.swift; path = AddInfoView.swift; sourceTree = "<group>"; };
		B893379E281A1D9A000C75C3 /* JGProgressHUD+.swift */ = {isa = PBXFileReference; lastKnownFileType = sourcecode.swift; path = "JGProgressHUD+.swift"; sourceTree = "<group>"; };
		B89337A0281A1DA8000C75C3 /* KingFisher+.swift */ = {isa = PBXFileReference; lastKnownFileType = sourcecode.swift; path = "KingFisher+.swift"; sourceTree = "<group>"; };
		B899FF22280CF68000BD5715 /* SampleCommentCellTableViewCell.swift */ = {isa = PBXFileReference; lastKnownFileType = sourcecode.swift; path = SampleCommentCellTableViewCell.swift; sourceTree = "<group>"; };
		B899FF26280D237200BD5715 /* GoogleService-Info.plist */ = {isa = PBXFileReference; fileEncoding = 4; lastKnownFileType = text.plist.xml; path = "GoogleService-Info.plist"; sourceTree = "<group>"; };
		B8A0033B280A92BC00A64750 /* WaterfaillsViewController.swift */ = {isa = PBXFileReference; lastKnownFileType = sourcecode.swift; path = WaterfaillsViewController.swift; sourceTree = "<group>"; };
		B8A0033D280A92D300A64750 /* MappingViewController.swift */ = {isa = PBXFileReference; lastKnownFileType = sourcecode.swift; path = MappingViewController.swift; sourceTree = "<group>"; };
		B8A0033F280A92DC00A64750 /* ReportViewController.swift */ = {isa = PBXFileReference; lastKnownFileType = sourcecode.swift; path = ReportViewController.swift; sourceTree = "<group>"; };
		B8A00341280A931800A64750 /* ProfileViewController.swift */ = {isa = PBXFileReference; lastKnownFileType = sourcecode.swift; path = ProfileViewController.swift; sourceTree = "<group>"; };
		B8A00343280A964B00A64750 /* SURUTabBarController.swift */ = {isa = PBXFileReference; lastKnownFileType = sourcecode.swift; path = SURUTabBarController.swift; sourceTree = "<group>"; };
		B8A00345280A97A100A64750 /* UIStoryboard+.swift */ = {isa = PBXFileReference; lastKnownFileType = sourcecode.swift; path = "UIStoryboard+.swift"; sourceTree = "<group>"; };
		B8A00349280A9E1100A64750 /* UIImage+.swift */ = {isa = PBXFileReference; lastKnownFileType = sourcecode.swift; path = "UIImage+.swift"; sourceTree = "<group>"; };
		B8A00351280B064200A64750 /* MapView.swift */ = {isa = PBXFileReference; lastKnownFileType = sourcecode.swift; path = MapView.swift; sourceTree = "<group>"; };
		B8A11AEF2813E4100079A080 /* StoreCardCell.xib */ = {isa = PBXFileReference; lastKnownFileType = file.xib; path = StoreCardCell.xib; sourceTree = "<group>"; };
		B8A11AF12813E52D0079A080 /* StoreCardCell.swift */ = {isa = PBXFileReference; lastKnownFileType = sourcecode.swift; path = StoreCardCell.swift; sourceTree = "<group>"; };
		B8A4FFC8282134BC0023F0BA /* mappingViewBackup.swift */ = {isa = PBXFileReference; lastKnownFileType = sourcecode.swift; path = mappingViewBackup.swift; sourceTree = "<group>"; };
		B8A4FFCB28224EA20023F0BA /* ReportView.xib */ = {isa = PBXFileReference; lastKnownFileType = file.xib; path = ReportView.xib; sourceTree = "<group>"; };
		B8A4FFCD282252B30023F0BA /* ReportView.swift */ = {isa = PBXFileReference; lastKnownFileType = sourcecode.swift; path = ReportView.swift; sourceTree = "<group>"; };
		B8BBBE78281D2DD2001782F5 /* CommentWallViewController.swift */ = {isa = PBXFileReference; lastKnownFileType = sourcecode.swift; path = CommentWallViewController.swift; sourceTree = "<group>"; };
		B8BBBE7B281D328B001782F5 /* DiscoveryViewController.swift */ = {isa = PBXFileReference; lastKnownFileType = sourcecode.swift; path = DiscoveryViewController.swift; sourceTree = "<group>"; };
		B8BBBE7D281D32AE001782F5 /* CollectViewController.swift */ = {isa = PBXFileReference; lastKnownFileType = sourcecode.swift; path = CollectViewController.swift; sourceTree = "<group>"; };
		B8BBBE7F281D32C7001782F5 /* FollowViewController.swift */ = {isa = PBXFileReference; lastKnownFileType = sourcecode.swift; path = FollowViewController.swift; sourceTree = "<group>"; };
		B8BBBE83281E9AC6001782F5 /* DiscoveryCell.xib */ = {isa = PBXFileReference; lastKnownFileType = file.xib; path = DiscoveryCell.xib; sourceTree = "<group>"; };
		B8BBBE85281EBE54001782F5 /* DiscoveryCell.swift */ = {isa = PBXFileReference; lastKnownFileType = sourcecode.swift; path = DiscoveryCell.swift; sourceTree = "<group>"; };
		B8BD5F96282072DF00A1C138 /* DetailViewController.swift */ = {isa = PBXFileReference; lastKnownFileType = sourcecode.swift; path = DetailViewController.swift; sourceTree = "<group>"; };
		B8BD5F99282078B500A1C138 /* DetailView.xib */ = {isa = PBXFileReference; lastKnownFileType = file.xib; path = DetailView.xib; sourceTree = "<group>"; };
		B8BD5F9B28207E9900A1C138 /* CommentCell.xib */ = {isa = PBXFileReference; lastKnownFileType = file.xib; path = CommentCell.xib; sourceTree = "<group>"; };
		B8BD5F9D28207F4B00A1C138 /* CommentStoreCell.xib */ = {isa = PBXFileReference; lastKnownFileType = file.xib; path = CommentStoreCell.xib; sourceTree = "<group>"; };
		B8BD5F9F2820818E00A1C138 /* CommentStoreCell.swift */ = {isa = PBXFileReference; lastKnownFileType = sourcecode.swift; path = CommentStoreCell.swift; sourceTree = "<group>"; };
		B8BD5FA12820819D00A1C138 /* CommentCell.swift */ = {isa = PBXFileReference; lastKnownFileType = sourcecode.swift; path = CommentCell.swift; sourceTree = "<group>"; };
		B8CD2D7628205EA800D047B9 /* String+.swift */ = {isa = PBXFileReference; lastKnownFileType = sourcecode.swift; path = "String+.swift"; sourceTree = "<group>"; };
		B8CD437E2818EC2800D2BCCE /* WelcomeView.swift */ = {isa = PBXFileReference; lastKnownFileType = sourcecode.swift; path = WelcomeView.swift; sourceTree = "<group>"; };
		B8CD43802818EF0600D2BCCE /* WelcomeViewController.swift */ = {isa = PBXFileReference; lastKnownFileType = sourcecode.swift; path = WelcomeViewController.swift; sourceTree = "<group>"; };
		B8CD43822818F0E900D2BCCE /* WelcomeView.xib */ = {isa = PBXFileReference; fileEncoding = 4; lastKnownFileType = file.xib; path = WelcomeView.xib; sourceTree = "<group>"; };
		B8CD43842818F13100D2BCCE /* SignInAndOutView.swift */ = {isa = PBXFileReference; lastKnownFileType = sourcecode.swift; path = SignInAndOutView.swift; sourceTree = "<group>"; };
		B8CD43862818F17400D2BCCE /* SignInAndOutView.xib */ = {isa = PBXFileReference; lastKnownFileType = file.xib; path = SignInAndOutView.xib; sourceTree = "<group>"; };
		B8EC6FFA28051C7D00DA8B78 /* DragingValueViewController.swift */ = {isa = PBXFileReference; lastKnownFileType = sourcecode.swift; path = DragingValueViewController.swift; sourceTree = "<group>"; };
		B8EC70002805275300DA8B78 /* UIView+.swift */ = {isa = PBXFileReference; lastKnownFileType = sourcecode.swift; path = "UIView+.swift"; sourceTree = "<group>"; };
		B8EC700928052D4300DA8B78 /* UIViewController+.swift */ = {isa = PBXFileReference; lastKnownFileType = sourcecode.swift; path = "UIViewController+.swift"; sourceTree = "<group>"; };
		B8EC700B2805432500DA8B78 /* liquidBarViewController.swift */ = {isa = PBXFileReference; lastKnownFileType = sourcecode.swift; path = liquidBarViewController.swift; sourceTree = "<group>"; };
		B8EC700D2805468400DA8B78 /* UIColor+.swift */ = {isa = PBXFileReference; lastKnownFileType = sourcecode.swift; path = "UIColor+.swift"; sourceTree = "<group>"; };
		B8EC700F280546A800DA8B78 /* UISreen+.swift */ = {isa = PBXFileReference; lastKnownFileType = sourcecode.swift; path = "UISreen+.swift"; sourceTree = "<group>"; };
		B8EC7011280546D900DA8B78 /* UITableView+.swift */ = {isa = PBXFileReference; lastKnownFileType = sourcecode.swift; path = "UITableView+.swift"; sourceTree = "<group>"; };
		B8EC70132805471900DA8B78 /* UILabel+.swift */ = {isa = PBXFileReference; lastKnownFileType = sourcecode.swift; path = "UILabel+.swift"; sourceTree = "<group>"; };
		B8EC70152805B0FD00DA8B78 /* UIFont+.swift */ = {isa = PBXFileReference; lastKnownFileType = sourcecode.swift; path = "UIFont+.swift"; sourceTree = "<group>"; };
		B8F22DEA280CBF3F0096FB91 /* CommentSelectionView.swift */ = {isa = PBXFileReference; lastKnownFileType = sourcecode.swift; path = CommentSelectionView.swift; sourceTree = "<group>"; };
		B8F22DEC280CE2500096FB91 /* FirebaseStorageRequestProvider.swift */ = {isa = PBXFileReference; lastKnownFileType = sourcecode.swift; path = FirebaseStorageRequestProvider.swift; sourceTree = "<group>"; };
		B8F3517728159A55002E2A3C /* StoreFromJson.swift */ = {isa = PBXFileReference; lastKnownFileType = sourcecode.swift; path = StoreFromJson.swift; sourceTree = "<group>"; };
		B8F3517D2815E8EE002E2A3C /* CommentTableViewCell.swift */ = {isa = PBXFileReference; lastKnownFileType = sourcecode.swift; path = CommentTableViewCell.swift; sourceTree = "<group>"; };
		B8F3517F2815F225002E2A3C /* CommentTableViewCell.xib */ = {isa = PBXFileReference; lastKnownFileType = file.xib; path = CommentTableViewCell.xib; sourceTree = "<group>"; };
		B8F35183281794D9002E2A3C /* UserRequestProvider.swift */ = {isa = PBXFileReference; lastKnownFileType = sourcecode.swift; path = UserRequestProvider.swift; sourceTree = "<group>"; };
		B8FEA61728210B8D009CE1F0 /* SURU_Leo.entitlements */ = {isa = PBXFileReference; lastKnownFileType = text.plist.entitlements; path = SURU_Leo.entitlements; sourceTree = "<group>"; };
		DCF0A150553282AB0F99034C /* Pods-SURU_Leo.debug.xcconfig */ = {isa = PBXFileReference; includeInIndex = 1; lastKnownFileType = text.xcconfig; name = "Pods-SURU_Leo.debug.xcconfig"; path = "Target Support Files/Pods-SURU_Leo/Pods-SURU_Leo.debug.xcconfig"; sourceTree = "<group>"; };
/* End PBXFileReference section */

/* Begin PBXFrameworksBuildPhase section */
		B830608128015A9D002558BE /* Frameworks */ = {
			isa = PBXFrameworksBuildPhase;
			buildActionMask = 2147483647;
			files = (
				5F1969D7D790140C710C6DEC /* Pods_SURU_Leo.framework in Frameworks */,
			);
			runOnlyForDeploymentPostprocessing = 0;
		};
/* End PBXFrameworksBuildPhase section */

/* Begin PBXGroup section */
		70C4D18F69DE8D1F3776D85F /* Pods */ = {
			isa = PBXGroup;
			children = (
				DCF0A150553282AB0F99034C /* Pods-SURU_Leo.debug.xcconfig */,
				78C47A99BAC6766DE55A8ACD /* Pods-SURU_Leo.release.xcconfig */,
			);
			path = Pods;
			sourceTree = "<group>";
		};
		722176CD197EF0B42744BAD9 /* Frameworks */ = {
			isa = PBXGroup;
			children = (
				8B11AB716BC413A0D40B7630 /* Pods_SURU_Leo.framework */,
			);
			name = Frameworks;
			sourceTree = "<group>";
		};
		B80095FE2817FEBC00BB05AE /* Login */ = {
			isa = PBXGroup;
			children = (
				B8CD43802818EF0600D2BCCE /* WelcomeViewController.swift */,
				B80095FF2817FEC800BB05AE /* SignInAndOutViewController.swift */,
				B893379728197F13000C75C3 /* AddInfoViewController.swift */,
			);
			path = Login;
			sourceTree = "<group>";
		};
		B830607B28015A9D002558BE = {
			isa = PBXGroup;
			children = (
				B8659C3C28068850006C85F3 /* multipleSimulators.config */,
				B8659C3B28068850006C85F3 /* multipleSimulatorsStartup.sh */,
				B8EC6FFF2805274100DA8B78 /* Extension */,
				B8EC70072805291400DA8B78 /* Controller */,
				B8EC70062805290F00DA8B78 /* View */,
				B8EC70052805290A00DA8B78 /* Model */,
				B830608628015A9D002558BE /* SURU_Leo */,
				B830608528015A9D002558BE /* Products */,
				70C4D18F69DE8D1F3776D85F /* Pods */,
				722176CD197EF0B42744BAD9 /* Frameworks */,
			);
			sourceTree = "<group>";
		};
		B830608528015A9D002558BE /* Products */ = {
			isa = PBXGroup;
			children = (
				B830608428015A9D002558BE /* SURU_Leo.app */,
			);
			name = Products;
			sourceTree = "<group>";
		};
		B830608628015A9D002558BE /* SURU_Leo */ = {
			isa = PBXGroup;
			children = (
				B8FEA61728210B8D009CE1F0 /* SURU_Leo.entitlements */,
				B85B63C8280D2D3B00621E4A /* unUsedFile */,
				B8EC7002280528F000DA8B78 /* LottieFile */,
				B899FF26280D237200BD5715 /* GoogleService-Info.plist */,
				B830608728015A9D002558BE /* AppDelegate.swift */,
				B830608928015A9D002558BE /* SceneDelegate.swift */,
				B830609028015A9E002558BE /* Assets.xcassets */,
				B830609228015A9E002558BE /* LaunchScreen.storyboard */,
				B830609528015A9E002558BE /* Info.plist */,
			);
			path = SURU_Leo;
			sourceTree = "<group>";
		};
		B83E4534280E88C100B13B0C /* Local Storage */ = {
			isa = PBXGroup;
			children = (
				B83E4535280E896A00B13B0C /* StorageManager.swift */,
				B83E4537280E8B7200B13B0C /* SURU.xcdatamodeld */,
			);
			path = "Local Storage";
			sourceTree = "<group>";
		};
		B83E9587280EACFA009DD17F /* Store */ = {
			isa = PBXGroup;
			children = (
				B83E9585280EACF7009DD17F /* StoreRequestProvider.swift */,
				B83E9597280EB670009DD17F /* StoreDataModel.swift */,
				B8F3517728159A55002E2A3C /* StoreFromJson.swift */,
			);
			path = Store;
			sourceTree = "<group>";
		};
		B83E9588280EAD03009DD17F /* Account */ = {
			isa = PBXGroup;
			children = (
				B83E9589280EAD12009DD17F /* AccountRequestProvider.swift */,
				B83E9595280EB666009DD17F /* AccountDataModel.swift */,
			);
			path = Account;
			sourceTree = "<group>";
		};
		B83E958B280EAD1A009DD17F /* Comment */ = {
			isa = PBXGroup;
			children = (
				B83E958C280EAD24009DD17F /* CommentRequestProvider.swift */,
				B83E9593280EB653009DD17F /* CommentDataModel.swift */,
			);
			path = Comment;
			sourceTree = "<group>";
		};
		B83E958E280EB465009DD17F /* QueueReport */ = {
			isa = PBXGroup;
			children = (
				B83E958F280EB475009DD17F /* QueueReportRequestProvider.swift */,
				B83E9599280EB6C9009DD17F /* QueueReportDataModel.swift */,
			);
			path = QueueReport;
			sourceTree = "<group>";
		};
		B83E9592280EB52A009DD17F /* FirebaseStorage */ = {
			isa = PBXGroup;
			children = (
				B8F22DEC280CE2500096FB91 /* FirebaseStorageRequestProvider.swift */,
			);
			path = FirebaseStorage;
			sourceTree = "<group>";
		};
		B83E959D2810479A009DD17F /* LiquidBar */ = {
			isa = PBXGroup;
			children = (
				B8EC6FFA28051C7D00DA8B78 /* DragingValueViewController.swift */,
				B8EC700B2805432500DA8B78 /* liquidBarViewController.swift */,
			);
			path = LiquidBar;
			sourceTree = "<group>";
		};
		B85B63C8280D2D3B00621E4A /* unUsedFile */ = {
			isa = PBXGroup;
			children = (
				B8A4FFC8282134BC0023F0BA /* mappingViewBackup.swift */,
				B8BD5F99282078B500A1C138 /* DetailView.xib */,
				B86AB7E528203B0300154B26 /* WrireCommentViewController.swift */,
				B814DF37281175FE00176C13 /* StoreCardView.xib */,
				B87AF25628128CD10058197F /* StoreCardView.swift */,
				B8A0033B280A92BC00A64750 /* WaterfaillsViewController.swift */,
				B814DF3228108E4E00176C13 /* CommentDraggingView.swift */,
				B8659C412806ABA3006C85F3 /* SURUDataModel.swift */,
				B8659C3F2806AB45006C85F3 /* FirebaseRequestProvider.swift */,
				B830608B28015A9D002558BE /* OLDCommentView.swift */,
				B8659C452806C534006C85F3 /* TestingCenterViewController.swift */,
				B814DF302810741900176C13 /* ref.swift */,
				B814DF362811271400176C13 /* MapkitTest.playground */,
			);
			path = unUsedFile;
			sourceTree = "<group>";
		};
		B87AF25528128CC40058197F /* StoreCardView */ = {
			isa = PBXGroup;
			children = (
				B8A11AEF2813E4100079A080 /* StoreCardCell.xib */,
				B8A11AF12813E52D0079A080 /* StoreCardCell.swift */,
			);
			path = StoreCardView;
			sourceTree = "<group>";
		};
		B893379D281A1D5D000C75C3 /* Third Party SDK Wrapper */ = {
			isa = PBXGroup;
			children = (
				B893379E281A1D9A000C75C3 /* JGProgressHUD+.swift */,
				B89337A0281A1DA8000C75C3 /* KingFisher+.swift */,
			);
			path = "Third Party SDK Wrapper";
			sourceTree = "<group>";
		};
		B8A00335280A91F000A64750 /* Waterfalls */ = {
			isa = PBXGroup;
			children = (
				B8BBBE78281D2DD2001782F5 /* CommentWallViewController.swift */,
				B8BBBE7A281D3274001782F5 /* 標籤 */,
				B8BD5F96282072DF00A1C138 /* DetailViewController.swift */,
			);
			path = Waterfalls;
			sourceTree = "<group>";
		};
		B8A00337280A922000A64750 /* Mapping */ = {
			isa = PBXGroup;
			children = (
				B8A0033D280A92D300A64750 /* MappingViewController.swift */,
			);
			path = Mapping;
			sourceTree = "<group>";
		};
		B8A00338280A922F00A64750 /* Report */ = {
			isa = PBXGroup;
			children = (
				B8A0033F280A92DC00A64750 /* ReportViewController.swift */,
			);
			path = Report;
			sourceTree = "<group>";
		};
		B8A00339280A924200A64750 /* Comment */ = {
			isa = PBXGroup;
			children = (
				B87BF623280C61E100FE885C /* CommentViewController.swift */,
			);
			path = Comment;
			sourceTree = "<group>";
		};
		B8A0033A280A926600A64750 /* Profile */ = {
			isa = PBXGroup;
			children = (
				B8A00341280A931800A64750 /* ProfileViewController.swift */,
			);
			path = Profile;
			sourceTree = "<group>";
		};
		B8A0034C280B041800A64750 /* Waterfalls */ = {
			isa = PBXGroup;
			children = (
				B8BD5F98282078A800A1C138 /* DetailView */,
				B8BBBE82281E9AA0001782F5 /* DiscoveryView */,
				B899FF22280CF68000BD5715 /* SampleCommentCellTableViewCell.swift */,
			);
			path = Waterfalls;
			sourceTree = "<group>";
		};
		B8A0034D280B042000A64750 /* Profile */ = {
			isa = PBXGroup;
			children = (
				B893379128190F08000C75C3 /* ProfileView.xib */,
				B89337932819120D000C75C3 /* ProfileView.swift */,
			);
			path = Profile;
			sourceTree = "<group>";
		};
		B8A0034E280B042C00A64750 /* Comment */ = {
			isa = PBXGroup;
			children = (
				B87BF627280CA5A500FE885C /* CommentStartingView.swift */,
				B87BF625280C832300FE885C /* CommentImageCardViewDelegate.swift */,
				B8F22DEA280CBF3F0096FB91 /* CommentSelectionView.swift */,
				B86AB7E728203CFA00154B26 /* WriteCommentView.swift */,
				B86AB7E928203D0700154B26 /* WriteCommentView.xib */,
				B83E959D2810479A009DD17F /* LiquidBar */,
				B8F3517F2815F225002E2A3C /* CommentTableViewCell.xib */,
				B8F3517D2815E8EE002E2A3C /* CommentTableViewCell.swift */,
			);
			path = Comment;
			sourceTree = "<group>";
		};
		B8A0034F280B043200A64750 /* Report */ = {
			isa = PBXGroup;
			children = (
			);
			path = Report;
			sourceTree = "<group>";
		};
		B8A00350280B043A00A64750 /* Mapping */ = {
			isa = PBXGroup;
			children = (
				B8A4FFCA28224E900023F0BA /* ReportView */,
				B87AF25528128CC40058197F /* StoreCardView */,
				B8A00351280B064200A64750 /* MapView.swift */,
			);
			path = Mapping;
			sourceTree = "<group>";
		};
		B8A4FFCA28224E900023F0BA /* ReportView */ = {
			isa = PBXGroup;
			children = (
				B8A4FFCB28224EA20023F0BA /* ReportView.xib */,
				B8A4FFCD282252B30023F0BA /* ReportView.swift */,
			);
			path = ReportView;
			sourceTree = "<group>";
		};
		B8BBBE7A281D3274001782F5 /* 標籤 */ = {
			isa = PBXGroup;
			children = (
				B8BBBE7B281D328B001782F5 /* DiscoveryViewController.swift */,
				B8BBBE7D281D32AE001782F5 /* CollectViewController.swift */,
				B8BBBE7F281D32C7001782F5 /* FollowViewController.swift */,
				B8BBBE81281D35AD001782F5 /* Discovery */,
			);
			path = "標籤";
			sourceTree = "<group>";
		};
		B8BBBE81281D35AD001782F5 /* Discovery */ = {
			isa = PBXGroup;
			children = (
			);
			path = Discovery;
			sourceTree = "<group>";
		};
		B8BBBE82281E9AA0001782F5 /* DiscoveryView */ = {
			isa = PBXGroup;
			children = (
				B8BBBE83281E9AC6001782F5 /* DiscoveryCell.xib */,
				B8BBBE85281EBE54001782F5 /* DiscoveryCell.swift */,
			);
			path = DiscoveryView;
			sourceTree = "<group>";
		};
		B8BD5F98282078A800A1C138 /* DetailView */ = {
			isa = PBXGroup;
			children = (
				B8BD5F9B28207E9900A1C138 /* CommentCell.xib */,
				B8BD5FA12820819D00A1C138 /* CommentCell.swift */,
				B8BD5F9D28207F4B00A1C138 /* CommentStoreCell.xib */,
				B8BD5F9F2820818E00A1C138 /* CommentStoreCell.swift */,
			);
			path = DetailView;
			sourceTree = "<group>";
		};
		B8CD437B2818E8D600D2BCCE /* Login */ = {
			isa = PBXGroup;
			children = (
				B8CD43822818F0E900D2BCCE /* WelcomeView.xib */,
				B8CD437E2818EC2800D2BCCE /* WelcomeView.swift */,
				B8CD43862818F17400D2BCCE /* SignInAndOutView.xib */,
				B8CD43842818F13100D2BCCE /* SignInAndOutView.swift */,
				B893379928197F24000C75C3 /* AddInfoView.xib */,
				B893379B281983BF000C75C3 /* AddInfoView.swift */,
			);
			path = Login;
			sourceTree = "<group>";
		};
		B8EC6FFF2805274100DA8B78 /* Extension */ = {
			isa = PBXGroup;
			children = (
				B893379D281A1D5D000C75C3 /* Third Party SDK Wrapper */,
				B8EC70002805275300DA8B78 /* UIView+.swift */,
				B8EC7011280546D900DA8B78 /* UITableView+.swift */,
				B8EC700928052D4300DA8B78 /* UIViewController+.swift */,
				B8EC700D2805468400DA8B78 /* UIColor+.swift */,
				B8EC700F280546A800DA8B78 /* UISreen+.swift */,
				B8EC70132805471900DA8B78 /* UILabel+.swift */,
				B8EC70152805B0FD00DA8B78 /* UIFont+.swift */,
				B8659C432806BB5B006C85F3 /* Date+.swift */,
				B8CD2D7628205EA800D047B9 /* String+.swift */,
				B8A00345280A97A100A64750 /* UIStoryboard+.swift */,
				B8A00349280A9E1100A64750 /* UIImage+.swift */,
				B83E9583280EA071009DD17F /* Double+.swift */,
				B83E959B280EC59D009DD17F /* UIImageView+.swift */,
				B893379528191EE0000C75C3 /* AuthorizationAppleIDButton.swift */,
			);
			path = Extension;
			sourceTree = "<group>";
		};
		B8EC7002280528F000DA8B78 /* LottieFile */ = {
			isa = PBXGroup;
			children = (
				B85B63C2280D2CDD00621E4A /* blue.json */,
				B85B63C3280D2CDD00621E4A /* orange.json */,
				B85B63C4280D2CDD00621E4A /* yellow.json */,
			);
			path = LottieFile;
			sourceTree = "<group>";
		};
		B8EC70052805290A00DA8B78 /* Model */ = {
			isa = PBXGroup;
			children = (
				B8F35182281794C4002E2A3C /* Login */,
				B83E9592280EB52A009DD17F /* FirebaseStorage */,
				B83E958E280EB465009DD17F /* QueueReport */,
				B83E958B280EAD1A009DD17F /* Comment */,
				B83E9588280EAD03009DD17F /* Account */,
				B83E9587280EACFA009DD17F /* Store */,
				B83E4534280E88C100B13B0C /* Local Storage */,
			);
			path = Model;
			sourceTree = "<group>";
		};
		B8EC70062805290F00DA8B78 /* View */ = {
			isa = PBXGroup;
			children = (
				B8CD437B2818E8D600D2BCCE /* Login */,
				B8A0034C280B041800A64750 /* Waterfalls */,
				B8A00350280B043A00A64750 /* Mapping */,
				B8A0034F280B043200A64750 /* Report */,
				B8A0034E280B042C00A64750 /* Comment */,
				B8A0034D280B042000A64750 /* Profile */,
				B830608D28015A9D002558BE /* Main.storyboard */,
			);
			path = View;
			sourceTree = "<group>";
		};
		B8EC70072805291400DA8B78 /* Controller */ = {
			isa = PBXGroup;
			children = (
				B80095FE2817FEBC00BB05AE /* Login */,
				B8A00335280A91F000A64750 /* Waterfalls */,
				B8A00337280A922000A64750 /* Mapping */,
				B8A00338280A922F00A64750 /* Report */,
				B8A00339280A924200A64750 /* Comment */,
				B8A0033A280A926600A64750 /* Profile */,
				B8A00343280A964B00A64750 /* SURUTabBarController.swift */,
			);
			path = Controller;
			sourceTree = "<group>";
		};
		B8F35182281794C4002E2A3C /* Login */ = {
			isa = PBXGroup;
			children = (
				B8F35183281794D9002E2A3C /* UserRequestProvider.swift */,
			);
			path = Login;
			sourceTree = "<group>";
		};
/* End PBXGroup section */

/* Begin PBXNativeTarget section */
		B830608328015A9D002558BE /* SURU_Leo */ = {
			isa = PBXNativeTarget;
			buildConfigurationList = B830609828015A9E002558BE /* Build configuration list for PBXNativeTarget "SURU_Leo" */;
			buildPhases = (
				873E44E23E87E058145B672E /* [CP] Check Pods Manifest.lock */,
				B830608028015A9D002558BE /* Sources */,
				B830608128015A9D002558BE /* Frameworks */,
				B830608228015A9D002558BE /* Resources */,
				BE39D12141A18368668C13B9 /* [CP] Embed Pods Frameworks */,
				B8643B75280161E200A4E366 /* ShellScript */,
				B8659C3928068262006C85F3 /* Multiple Simulators */,
			);
			buildRules = (
			);
			dependencies = (
			);
			name = SURU_Leo;
			productName = SURU_Leo;
			productReference = B830608428015A9D002558BE /* SURU_Leo.app */;
			productType = "com.apple.product-type.application";
		};
/* End PBXNativeTarget section */

/* Begin PBXProject section */
		B830607C28015A9D002558BE /* Project object */ = {
			isa = PBXProject;
			attributes = {
				BuildIndependentTargetsInParallel = 1;
				LastSwiftUpdateCheck = 1320;
				LastUpgradeCheck = 1320;
				TargetAttributes = {
					B830608328015A9D002558BE = {
						CreatedOnToolsVersion = 13.2.1;
					};
				};
			};
			buildConfigurationList = B830607F28015A9D002558BE /* Build configuration list for PBXProject "SURU_Leo" */;
			compatibilityVersion = "Xcode 13.0";
			developmentRegion = en;
			hasScannedForEncodings = 0;
			knownRegions = (
				en,
				Base,
			);
			mainGroup = B830607B28015A9D002558BE;
			productRefGroup = B830608528015A9D002558BE /* Products */;
			projectDirPath = "";
			projectRoot = "";
			targets = (
				B830608328015A9D002558BE /* SURU_Leo */,
			);
		};
/* End PBXProject section */

/* Begin PBXResourcesBuildPhase section */
		B830608228015A9D002558BE /* Resources */ = {
			isa = PBXResourcesBuildPhase;
			buildActionMask = 2147483647;
			files = (
				B893379A28197F24000C75C3 /* AddInfoView.xib in Resources */,
				B8BD5F9E28207F4B00A1C138 /* CommentStoreCell.xib in Resources */,
				B8659C3E28068850006C85F3 /* multipleSimulators.config in Resources */,
				B899FF27280D237200BD5715 /* GoogleService-Info.plist in Resources */,
				B8659C3D28068850006C85F3 /* multipleSimulatorsStartup.sh in Resources */,
				B8BD5F9A282078B500A1C138 /* DetailView.xib in Resources */,
				B8F351802815F225002E2A3C /* CommentTableViewCell.xib in Resources */,
				B830609428015A9E002558BE /* LaunchScreen.storyboard in Resources */,
				B86AB7EA28203D0700154B26 /* WriteCommentView.xib in Resources */,
				B85B63C5280D2CDD00621E4A /* blue.json in Resources */,
				B830609128015A9E002558BE /* Assets.xcassets in Resources */,
				B8A11AF02813E4100079A080 /* StoreCardCell.xib in Resources */,
				B814DF38281175FE00176C13 /* StoreCardView.xib in Resources */,
				B85B63C7280D2CDD00621E4A /* yellow.json in Resources */,
				B830608F28015A9D002558BE /* Main.storyboard in Resources */,
				B893379228190F08000C75C3 /* ProfileView.xib in Resources */,
				B8BD5F9C28207E9900A1C138 /* CommentCell.xib in Resources */,
				B8CD43872818F17400D2BCCE /* SignInAndOutView.xib in Resources */,
				B8A4FFCC28224EA20023F0BA /* ReportView.xib in Resources */,
				B85B63C6280D2CDD00621E4A /* orange.json in Resources */,
				B8CD43832818F0E900D2BCCE /* WelcomeView.xib in Resources */,
				B8BBBE84281E9AC6001782F5 /* DiscoveryCell.xib in Resources */,
			);
			runOnlyForDeploymentPostprocessing = 0;
		};
/* End PBXResourcesBuildPhase section */

/* Begin PBXShellScriptBuildPhase section */
		873E44E23E87E058145B672E /* [CP] Check Pods Manifest.lock */ = {
			isa = PBXShellScriptBuildPhase;
			buildActionMask = 2147483647;
			files = (
			);
			inputFileListPaths = (
			);
			inputPaths = (
				"${PODS_PODFILE_DIR_PATH}/Podfile.lock",
				"${PODS_ROOT}/Manifest.lock",
			);
			name = "[CP] Check Pods Manifest.lock";
			outputFileListPaths = (
			);
			outputPaths = (
				"$(DERIVED_FILE_DIR)/Pods-SURU_Leo-checkManifestLockResult.txt",
			);
			runOnlyForDeploymentPostprocessing = 0;
			shellPath = /bin/sh;
			shellScript = "diff \"${PODS_PODFILE_DIR_PATH}/Podfile.lock\" \"${PODS_ROOT}/Manifest.lock\" > /dev/null\nif [ $? != 0 ] ; then\n    # print error to STDERR\n    echo \"error: The sandbox is not in sync with the Podfile.lock. Run 'pod install' or update your CocoaPods installation.\" >&2\n    exit 1\nfi\n# This output is used by Xcode 'outputs' to avoid re-running this script phase.\necho \"SUCCESS\" > \"${SCRIPT_OUTPUT_FILE_0}\"\n";
			showEnvVarsInLog = 0;
		};
		B8643B75280161E200A4E366 /* ShellScript */ = {
			isa = PBXShellScriptBuildPhase;
			buildActionMask = 12;
			files = (
			);
			inputFileListPaths = (
			);
			inputPaths = (
			);
			outputFileListPaths = (
			);
			outputPaths = (
			);
			runOnlyForDeploymentPostprocessing = 0;
			shellPath = /bin/sh;
			shellScript = "
";
		};
		B8659C3928068262006C85F3 /* Multiple Simulators */ = {
			isa = PBXShellScriptBuildPhase;
			buildActionMask = 2147483647;
			files = (
			);
			inputFileListPaths = (
			);
			inputPaths = (
			);
			name = "Multiple Simulators";
			outputFileListPaths = (
			);
			outputPaths = (
			);
			runOnlyForDeploymentPostprocessing = 0;
			shellPath = /bin/sh;
			shellScript = "custom_sim=`xcrun simctl list | grep 'Multiple Simulators' | awk -F'[()]' '{print $2}'`\nif [ ! -z \"${custom_sim}\" ] && [ \"${TARGET_DEVICE_IDENTIFIER}\" = \"${custom_sim}\" ]; then\n/bin/sh multipleSimulatorsStartup.sh &\nfi\n";
		};
		BE39D12141A18368668C13B9 /* [CP] Embed Pods Frameworks */ = {
			isa = PBXShellScriptBuildPhase;
			buildActionMask = 12;
			files = (
			);
			inputFileListPaths = (
				"${PODS_ROOT}/Target Support Files/Pods-SURU_Leo/Pods-SURU_Leo-frameworks-${CONFIGURATION}-input-files.xcfilelist",
			);
			name = "[CP] Embed Pods Frameworks";
			outputFileListPaths = (
				"${PODS_ROOT}/Target Support Files/Pods-SURU_Leo/Pods-SURU_Leo-frameworks-${CONFIGURATION}-output-files.xcfilelist",
			);
			runOnlyForDeploymentPostprocessing = 0;
			shellPath = /bin/sh;
			shellScript = "\"${PODS_ROOT}/Target Support Files/Pods-SURU_Leo/Pods-SURU_Leo-frameworks.sh\"\n";
			showEnvVarsInLog = 0;
		};
/* End PBXShellScriptBuildPhase section */

/* Begin PBXSourcesBuildPhase section */
		B830608028015A9D002558BE /* Sources */ = {
			isa = PBXSourcesBuildPhase;
			buildActionMask = 2147483647;
			files = (
				B8A0033E280A92D300A64750 /* MappingViewController.swift in Sources */,
				B814DF3328108E4E00176C13 /* CommentDraggingView.swift in Sources */,
				B8EC70162805B0FD00DA8B78 /* UIFont+.swift in Sources */,
				B87BF628280CA5A500FE885C /* CommentStartingView.swift in Sources */,
				B8F35184281794D9002E2A3C /* UserRequestProvider.swift in Sources */,
				B8BBBE7C281D328B001782F5 /* DiscoveryViewController.swift in Sources */,
				B8A0033C280A92BC00A64750 /* WaterfaillsViewController.swift in Sources */,
				B83E9584280EA071009DD17F /* Double+.swift in Sources */,
				B83E959A280EB6C9009DD17F /* QueueReportDataModel.swift in Sources */,
				B8BD5FA02820818E00A1C138 /* CommentStoreCell.swift in Sources */,
				B8BBBE79281D2DD2001782F5 /* CommentWallViewController.swift in Sources */,
				B87AF25728128CD10058197F /* StoreCardView.swift in Sources */,
				B8659C422806ABA3006C85F3 /* SURUDataModel.swift in Sources */,
				B8659C462806C534006C85F3 /* TestingCenterViewController.swift in Sources */,
				B83E958D280EAD24009DD17F /* CommentRequestProvider.swift in Sources */,
				B8EC700A28052D4300DA8B78 /* UIViewController+.swift in Sources */,
				B8F22DED280CE2500096FB91 /* FirebaseStorageRequestProvider.swift in Sources */,
				B86AB7E828203CFA00154B26 /* WriteCommentView.swift in Sources */,
				B8EC70012805275300DA8B78 /* UIView+.swift in Sources */,
				B8EC6FFB28051C7D00DA8B78 /* DragingValueViewController.swift in Sources */,
				B8A00340280A92DC00A64750 /* ReportViewController.swift in Sources */,
				B8EC7010280546A800DA8B78 /* UISreen+.swift in Sources */,
				B89337A1281A1DA8000C75C3 /* KingFisher+.swift in Sources */,
				B899FF23280CF68000BD5715 /* SampleCommentCellTableViewCell.swift in Sources */,
				B8F22DEB280CBF3F0096FB91 /* CommentSelectionView.swift in Sources */,
				B8BBBE7E281D32AE001782F5 /* CollectViewController.swift in Sources */,
				B83E9596280EB666009DD17F /* AccountDataModel.swift in Sources */,
				B87BF626280C832300FE885C /* CommentImageCardViewDelegate.swift in Sources */,
				B83E9594280EB653009DD17F /* CommentDataModel.swift in Sources */,
				B8CD2D7728205EA800D047B9 /* String+.swift in Sources */,
				B8A00344280A964B00A64750 /* SURUTabBarController.swift in Sources */,
				B87BF624280C61E100FE885C /* CommentViewController.swift in Sources */,
				B893379F281A1D9A000C75C3 /* JGProgressHUD+.swift in Sources */,
				B8EC7012280546D900DA8B78 /* UITableView+.swift in Sources */,
				B830608C28015A9D002558BE /* OLDCommentView.swift in Sources */,
				B8CD437F2818EC2800D2BCCE /* WelcomeView.swift in Sources */,
				B8BD5F97282072DF00A1C138 /* DetailViewController.swift in Sources */,
				B89337942819120D000C75C3 /* ProfileView.swift in Sources */,
				B8F3517828159A55002E2A3C /* StoreFromJson.swift in Sources */,
				B83E958A280EAD12009DD17F /* AccountRequestProvider.swift in Sources */,
				B8EC70142805471900DA8B78 /* UILabel+.swift in Sources */,
				B86AB7E628203B0300154B26 /* WrireCommentViewController.swift in Sources */,
				B8EC700C2805432500DA8B78 /* liquidBarViewController.swift in Sources */,
				B8BBBE86281EBE54001782F5 /* DiscoveryCell.swift in Sources */,
				B814DF312810741900176C13 /* ref.swift in Sources */,
				B893379828197F13000C75C3 /* AddInfoViewController.swift in Sources */,
				B830608828015A9D002558BE /* AppDelegate.swift in Sources */,
				B83E4536280E896A00B13B0C /* StorageManager.swift in Sources */,
				B8A00352280B064200A64750 /* MapView.swift in Sources */,
				B83E959C280EC59D009DD17F /* UIImageView+.swift in Sources */,
				B8A4FFCE282252B30023F0BA /* ReportView.swift in Sources */,
				B8A11AF22813E52D0079A080 /* StoreCardCell.swift in Sources */,
				B83E4539280E8B7200B13B0C /* SURU.xcdatamodeld in Sources */,
				B80096002817FEC800BB05AE /* SignInAndOutViewController.swift in Sources */,
				B8A0034A280A9E1100A64750 /* UIImage+.swift in Sources */,
				B8BBBE80281D32C7001782F5 /* FollowViewController.swift in Sources */,
				B8BD5FA22820819D00A1C138 /* CommentCell.swift in Sources */,
				B893379628191EE0000C75C3 /* AuthorizationAppleIDButton.swift in Sources */,
				B83E9586280EACF7009DD17F /* StoreRequestProvider.swift in Sources */,
				B830608A28015A9D002558BE /* SceneDelegate.swift in Sources */,
				B8659C402806AB45006C85F3 /* FirebaseRequestProvider.swift in Sources */,
				B8A00342280A931800A64750 /* ProfileViewController.swift in Sources */,
				B8CD43812818EF0600D2BCCE /* WelcomeViewController.swift in Sources */,
				B8A00346280A97A100A64750 /* UIStoryboard+.swift in Sources */,
				B8F3517E2815E8EE002E2A3C /* CommentTableViewCell.swift in Sources */,
				B8EC700E2805468400DA8B78 /* UIColor+.swift in Sources */,
				B8659C442806BB5B006C85F3 /* Date+.swift in Sources */,
				B8CD43852818F13100D2BCCE /* SignInAndOutView.swift in Sources */,
				B893379C281983BF000C75C3 /* AddInfoView.swift in Sources */,
				B8A4FFC9282134BC0023F0BA /* mappingViewBackup.swift in Sources */,
				B83E9590280EB475009DD17F /* QueueReportRequestProvider.swift in Sources */,
				B83E9598280EB670009DD17F /* StoreDataModel.swift in Sources */,
			);
			runOnlyForDeploymentPostprocessing = 0;
		};
/* End PBXSourcesBuildPhase section */

/* Begin PBXVariantGroup section */
		B830608D28015A9D002558BE /* Main.storyboard */ = {
			isa = PBXVariantGroup;
			children = (
				B830608E28015A9D002558BE /* Base */,
			);
			name = Main.storyboard;
			sourceTree = "<group>";
		};
		B830609228015A9E002558BE /* LaunchScreen.storyboard */ = {
			isa = PBXVariantGroup;
			children = (
				B830609328015A9E002558BE /* Base */,
			);
			name = LaunchScreen.storyboard;
			sourceTree = "<group>";
		};
/* End PBXVariantGroup section */

/* Begin XCBuildConfiguration section */
		B830609628015A9E002558BE /* Debug */ = {
			isa = XCBuildConfiguration;
			buildSettings = {
				ALWAYS_SEARCH_USER_PATHS = NO;
				CLANG_ANALYZER_NONNULL = YES;
				CLANG_ANALYZER_NUMBER_OBJECT_CONVERSION = YES_AGGRESSIVE;
				CLANG_CXX_LANGUAGE_STANDARD = "gnu++17";
				CLANG_CXX_LIBRARY = "libc++";
				CLANG_ENABLE_MODULES = YES;
				CLANG_ENABLE_OBJC_ARC = YES;
				CLANG_ENABLE_OBJC_WEAK = YES;
				CLANG_WARN_BLOCK_CAPTURE_AUTORELEASING = YES;
				CLANG_WARN_BOOL_CONVERSION = YES;
				CLANG_WARN_COMMA = YES;
				CLANG_WARN_CONSTANT_CONVERSION = YES;
				CLANG_WARN_DEPRECATED_OBJC_IMPLEMENTATIONS = YES;
				CLANG_WARN_DIRECT_OBJC_ISA_USAGE = YES_ERROR;
				CLANG_WARN_DOCUMENTATION_COMMENTS = YES;
				CLANG_WARN_EMPTY_BODY = YES;
				CLANG_WARN_ENUM_CONVERSION = YES;
				CLANG_WARN_INFINITE_RECURSION = YES;
				CLANG_WARN_INT_CONVERSION = YES;
				CLANG_WARN_NON_LITERAL_NULL_CONVERSION = YES;
				CLANG_WARN_OBJC_IMPLICIT_RETAIN_SELF = YES;
				CLANG_WARN_OBJC_LITERAL_CONVERSION = YES;
				CLANG_WARN_OBJC_ROOT_CLASS = YES_ERROR;
				CLANG_WARN_QUOTED_INCLUDE_IN_FRAMEWORK_HEADER = YES;
				CLANG_WARN_RANGE_LOOP_ANALYSIS = YES;
				CLANG_WARN_STRICT_PROTOTYPES = YES;
				CLANG_WARN_SUSPICIOUS_MOVE = YES;
				CLANG_WARN_UNGUARDED_AVAILABILITY = YES_AGGRESSIVE;
				CLANG_WARN_UNREACHABLE_CODE = YES;
				CLANG_WARN__DUPLICATE_METHOD_MATCH = YES;
				COPY_PHASE_STRIP = NO;
				DEBUG_INFORMATION_FORMAT = dwarf;
				ENABLE_STRICT_OBJC_MSGSEND = YES;
				ENABLE_TESTABILITY = YES;
				"EXCLUDED_ARCHS[sdk=iphonesimulator*]" = arm64;
				GCC_C_LANGUAGE_STANDARD = gnu11;
				GCC_DYNAMIC_NO_PIC = NO;
				GCC_NO_COMMON_BLOCKS = YES;
				GCC_OPTIMIZATION_LEVEL = 0;
				GCC_PREPROCESSOR_DEFINITIONS = (
					"DEBUG=1",
					"$(inherited)",
				);
				GCC_WARN_64_TO_32_BIT_CONVERSION = YES;
				GCC_WARN_ABOUT_RETURN_TYPE = YES_ERROR;
				GCC_WARN_UNDECLARED_SELECTOR = YES;
				GCC_WARN_UNINITIALIZED_AUTOS = YES_AGGRESSIVE;
				GCC_WARN_UNUSED_FUNCTION = YES;
				GCC_WARN_UNUSED_VARIABLE = YES;
				IPHONEOS_DEPLOYMENT_TARGET = 13.0;
				MTL_ENABLE_DEBUG_INFO = INCLUDE_SOURCE;
				MTL_FAST_MATH = YES;
				ONLY_ACTIVE_ARCH = YES;
				SDKROOT = iphoneos;
				SWIFT_ACTIVE_COMPILATION_CONDITIONS = DEBUG;
				SWIFT_OPTIMIZATION_LEVEL = "-Onone";
			};
			name = Debug;
		};
		B830609728015A9E002558BE /* Release */ = {
			isa = XCBuildConfiguration;
			buildSettings = {
				ALWAYS_SEARCH_USER_PATHS = NO;
				CLANG_ANALYZER_NONNULL = YES;
				CLANG_ANALYZER_NUMBER_OBJECT_CONVERSION = YES_AGGRESSIVE;
				CLANG_CXX_LANGUAGE_STANDARD = "gnu++17";
				CLANG_CXX_LIBRARY = "libc++";
				CLANG_ENABLE_MODULES = YES;
				CLANG_ENABLE_OBJC_ARC = YES;
				CLANG_ENABLE_OBJC_WEAK = YES;
				CLANG_WARN_BLOCK_CAPTURE_AUTORELEASING = YES;
				CLANG_WARN_BOOL_CONVERSION = YES;
				CLANG_WARN_COMMA = YES;
				CLANG_WARN_CONSTANT_CONVERSION = YES;
				CLANG_WARN_DEPRECATED_OBJC_IMPLEMENTATIONS = YES;
				CLANG_WARN_DIRECT_OBJC_ISA_USAGE = YES_ERROR;
				CLANG_WARN_DOCUMENTATION_COMMENTS = YES;
				CLANG_WARN_EMPTY_BODY = YES;
				CLANG_WARN_ENUM_CONVERSION = YES;
				CLANG_WARN_INFINITE_RECURSION = YES;
				CLANG_WARN_INT_CONVERSION = YES;
				CLANG_WARN_NON_LITERAL_NULL_CONVERSION = YES;
				CLANG_WARN_OBJC_IMPLICIT_RETAIN_SELF = YES;
				CLANG_WARN_OBJC_LITERAL_CONVERSION = YES;
				CLANG_WARN_OBJC_ROOT_CLASS = YES_ERROR;
				CLANG_WARN_QUOTED_INCLUDE_IN_FRAMEWORK_HEADER = YES;
				CLANG_WARN_RANGE_LOOP_ANALYSIS = YES;
				CLANG_WARN_STRICT_PROTOTYPES = YES;
				CLANG_WARN_SUSPICIOUS_MOVE = YES;
				CLANG_WARN_UNGUARDED_AVAILABILITY = YES_AGGRESSIVE;
				CLANG_WARN_UNREACHABLE_CODE = YES;
				CLANG_WARN__DUPLICATE_METHOD_MATCH = YES;
				COPY_PHASE_STRIP = NO;
				DEBUG_INFORMATION_FORMAT = "dwarf-with-dsym";
				ENABLE_NS_ASSERTIONS = NO;
				ENABLE_STRICT_OBJC_MSGSEND = YES;
				GCC_C_LANGUAGE_STANDARD = gnu11;
				GCC_NO_COMMON_BLOCKS = YES;
				GCC_WARN_64_TO_32_BIT_CONVERSION = YES;
				GCC_WARN_ABOUT_RETURN_TYPE = YES_ERROR;
				GCC_WARN_UNDECLARED_SELECTOR = YES;
				GCC_WARN_UNINITIALIZED_AUTOS = YES_AGGRESSIVE;
				GCC_WARN_UNUSED_FUNCTION = YES;
				GCC_WARN_UNUSED_VARIABLE = YES;
				IPHONEOS_DEPLOYMENT_TARGET = 13.0;
				MTL_ENABLE_DEBUG_INFO = NO;
				MTL_FAST_MATH = YES;
				SDKROOT = iphoneos;
				SWIFT_COMPILATION_MODE = wholemodule;
				SWIFT_OPTIMIZATION_LEVEL = "-O";
				VALIDATE_PRODUCT = YES;
			};
			name = Release;
		};
		B830609928015A9E002558BE /* Debug */ = {
			isa = XCBuildConfiguration;
			baseConfigurationReference = DCF0A150553282AB0F99034C /* Pods-SURU_Leo.debug.xcconfig */;
			buildSettings = {
				ASSETCATALOG_COMPILER_APPICON_NAME = AppIcon;
				ASSETCATALOG_COMPILER_GLOBAL_ACCENT_COLOR_NAME = AccentColor;
				CODE_SIGN_ENTITLEMENTS = SURU_Leo/SURU_Leo.entitlements;
				CODE_SIGN_IDENTITY = "Apple Development";
				CODE_SIGN_STYLE = Automatic;
				CURRENT_PROJECT_VERSION = 3;
				DEVELOPMENT_TEAM = WAYYQS9S9G;
				GENERATE_INFOPLIST_FILE = YES;
				INFOPLIST_FILE = SURU_Leo/Info.plist;
				INFOPLIST_KEY_CFBundleDisplayName = SURU;
				INFOPLIST_KEY_NSCameraUsageDescription = "Use camera";
				INFOPLIST_KEY_NSLocationWhenInUseUsageDescription = "";
				INFOPLIST_KEY_NSPhotoLibraryAddUsageDescription = "Write image";
				INFOPLIST_KEY_NSPhotoLibraryUsageDescription = "Load image";
				INFOPLIST_KEY_UIApplicationSupportsIndirectInputEvents = YES;
				INFOPLIST_KEY_UILaunchStoryboardName = LaunchScreen;
				INFOPLIST_KEY_UIMainStoryboardFile = Main;
				INFOPLIST_KEY_UISupportedInterfaceOrientations_iPad = "UIInterfaceOrientationPortrait UIInterfaceOrientationPortraitUpsideDown UIInterfaceOrientationLandscapeLeft UIInterfaceOrientationLandscapeRight";
				INFOPLIST_KEY_UISupportedInterfaceOrientations_iPhone = "UIInterfaceOrientationPortrait UIInterfaceOrientationLandscapeLeft UIInterfaceOrientationLandscapeRight";
				LD_RUNPATH_SEARCH_PATHS = (
					"$(inherited)",
					"@executable_path/Frameworks",
				);
				MARKETING_VERSION = 1.0;
				PRODUCT_BUNDLE_IDENTIFIER = "com.leowang.SURU-Leo";
				PRODUCT_NAME = "$(TARGET_NAME)";
				PROVISIONING_PROFILE_SPECIFIER = "";
				SWIFT_EMIT_LOC_STRINGS = YES;
				SWIFT_VERSION = 5.0;
				TARGETED_DEVICE_FAMILY = "1,2";
			};
			name = Debug;
		};
		B830609A28015A9E002558BE /* Release */ = {
			isa = XCBuildConfiguration;
			baseConfigurationReference = 78C47A99BAC6766DE55A8ACD /* Pods-SURU_Leo.release.xcconfig */;
			buildSettings = {
				ASSETCATALOG_COMPILER_APPICON_NAME = AppIcon;
				ASSETCATALOG_COMPILER_GLOBAL_ACCENT_COLOR_NAME = AccentColor;
				CODE_SIGN_ENTITLEMENTS = SURU_Leo/SURU_Leo.entitlements;
				CODE_SIGN_STYLE = Automatic;
				CURRENT_PROJECT_VERSION = 3;
				DEVELOPMENT_TEAM = WAYYQS9S9G;
				GENERATE_INFOPLIST_FILE = YES;
				INFOPLIST_FILE = SURU_Leo/Info.plist;
				INFOPLIST_KEY_CFBundleDisplayName = SURU;
				INFOPLIST_KEY_NSCameraUsageDescription = "Use camera";
				INFOPLIST_KEY_NSLocationWhenInUseUsageDescription = "";
				INFOPLIST_KEY_NSPhotoLibraryAddUsageDescription = "Write image";
				INFOPLIST_KEY_NSPhotoLibraryUsageDescription = "Load image";
				INFOPLIST_KEY_UIApplicationSupportsIndirectInputEvents = YES;
				INFOPLIST_KEY_UILaunchStoryboardName = LaunchScreen;
				INFOPLIST_KEY_UIMainStoryboardFile = Main;
				INFOPLIST_KEY_UISupportedInterfaceOrientations_iPad = "UIInterfaceOrientationPortrait UIInterfaceOrientationPortraitUpsideDown UIInterfaceOrientationLandscapeLeft UIInterfaceOrientationLandscapeRight";
				INFOPLIST_KEY_UISupportedInterfaceOrientations_iPhone = "UIInterfaceOrientationPortrait UIInterfaceOrientationLandscapeLeft UIInterfaceOrientationLandscapeRight";
				LD_RUNPATH_SEARCH_PATHS = (
					"$(inherited)",
					"@executable_path/Frameworks",
				);
				MARKETING_VERSION = 1.0;
				PRODUCT_BUNDLE_IDENTIFIER = "com.leowang.SURU-Leo";
				PRODUCT_NAME = "$(TARGET_NAME)";
				SWIFT_EMIT_LOC_STRINGS = YES;
				SWIFT_VERSION = 5.0;
				TARGETED_DEVICE_FAMILY = "1,2";
			};
			name = Release;
		};
/* End XCBuildConfiguration section */

/* Begin XCConfigurationList section */
		B830607F28015A9D002558BE /* Build configuration list for PBXProject "SURU_Leo" */ = {
			isa = XCConfigurationList;
			buildConfigurations = (
				B830609628015A9E002558BE /* Debug */,
				B830609728015A9E002558BE /* Release */,
			);
			defaultConfigurationIsVisible = 0;
			defaultConfigurationName = Release;
		};
		B830609828015A9E002558BE /* Build configuration list for PBXNativeTarget "SURU_Leo" */ = {
			isa = XCConfigurationList;
			buildConfigurations = (
				B830609928015A9E002558BE /* Debug */,
				B830609A28015A9E002558BE /* Release */,
			);
			defaultConfigurationIsVisible = 0;
			defaultConfigurationName = Release;
		};
/* End XCConfigurationList section */

/* Begin XCVersionGroup section */
		B83E4537280E8B7200B13B0C /* SURU.xcdatamodeld */ = {
			isa = XCVersionGroup;
			children = (
				B83E4538280E8B7200B13B0C /* SURU.xcdatamodel */,
			);
			currentVersion = B83E4538280E8B7200B13B0C /* SURU.xcdatamodel */;
			path = SURU.xcdatamodeld;
			sourceTree = "<group>";
			versionGroupType = wrapper.xcdatamodel;
		};
/* End XCVersionGroup section */
	};
	rootObject = B830607C28015A9D002558BE /* Project object */;
}
